
Microsoft Visual Studio Solution File, Format Version 12.00
# Visual Studio Version 16
VisualStudioVersion = 16.0.29230.47
MinimumVisualStudioVersion = 10.0.40219.1
Project("{9A19103F-16F7-4668-BE54-9A1E7A4F7556}") = "Math", "Math\Math.csproj", "{606EC6F5-55E3-4851-A7E0-5AEB0ECDDA97}"
EndProject
Project("{FAE04EC0-301F-11D3-BF4B-00C04F79EFBC}") = "Tests", "Tests\Tests.csproj", "{C0360C78-342E-42CF-8CB2-B5450BD39C9A}"
EndProject
Project("{2150E333-8FDC-42A3-9474-1A3956D46DE8}") = "Solution Items", "Solution Items", "{1568CAD4-137B-4D5B-B39B-8CECC19775FE}"
	ProjectSection(SolutionItems) = preProject
		.readthedocs.yml = .readthedocs.yml
		appveyor.yml = appveyor.yml
		GenerateDocs.bat = GenerateDocs.bat
		LICENSE.txt = LICENSE.txt
		mkdocs.yml = mkdocs.yml
		NuGet.Config = NuGet.Config
		README.md = README.md
	EndProjectSection
EndProject
Global
	GlobalSection(SolutionConfigurationPlatforms) = preSolution
		Debug|Any CPU = Debug|Any CPU
		Release|Any CPU = Release|Any CPU
	EndGlobalSection
	GlobalSection(ProjectConfigurationPlatforms) = postSolution
		{606EC6F5-55E3-4851-A7E0-5AEB0ECDDA97}.Debug|Any CPU.ActiveCfg = Debug|Any CPU
		{606EC6F5-55E3-4851-A7E0-5AEB0ECDDA97}.Debug|Any CPU.Build.0 = Debug|Any CPU
		{606EC6F5-55E3-4851-A7E0-5AEB0ECDDA97}.Release|Any CPU.ActiveCfg = Release|Any CPU
		{606EC6F5-55E3-4851-A7E0-5AEB0ECDDA97}.Release|Any CPU.Build.0 = Release|Any CPU
		{C0360C78-342E-42CF-8CB2-B5450BD39C9A}.Debug|Any CPU.ActiveCfg = Debug|Any CPU
		{C0360C78-342E-42CF-8CB2-B5450BD39C9A}.Debug|Any CPU.Build.0 = Debug|Any CPU
		{C0360C78-342E-42CF-8CB2-B5450BD39C9A}.Release|Any CPU.ActiveCfg = Release|Any CPU
		{C0360C78-342E-42CF-8CB2-B5450BD39C9A}.Release|Any CPU.Build.0 = Release|Any CPU
	EndGlobalSection
	GlobalSection(SolutionProperties) = preSolution
		HideSolutionNode = FALSE
	EndGlobalSection
	GlobalSection(ExtensibilityGlobals) = postSolution
		SolutionGuid = {83BFC729-554C-4D55-A719-FFCEBDDCE280}
	EndGlobalSection
EndGlobal
